
Microsoft Visual Studio Solution File, Format Version 12.00
# Visual Studio Version 17
VisualStudioVersion = 17.9.34714.143
MinimumVisualStudioVersion = 10.0.40219.1
Project("{FAE04EC0-301F-11D3-BF4B-00C04F79EFBC}") = "LexicalAnalyzer", "LexicalAnalyzer\LexicalAnalyzer.csproj", "{CE23E7F4-4C96-4B13-87D3-1460C8A691CD}"
EndProject
Global
	GlobalSection(SolutionConfigurationPlatforms) = preSolution
		Debug|Any CPU = Debug|Any CPU
		Release|Any CPU = Release|Any CPU
	EndGlobalSection
	GlobalSection(ProjectConfigurationPlatforms) = postSolution
		{CE23E7F4-4C96-4B13-87D3-1460C8A691CD}.Debug|Any CPU.ActiveCfg = Debug|Any CPU
		{CE23E7F4-4C96-4B13-87D3-1460C8A691CD}.Debug|Any CPU.Build.0 = Debug|Any CPU
		{CE23E7F4-4C96-4B13-87D3-1460C8A691CD}.Release|Any CPU.ActiveCfg = Release|Any CPU
		{CE23E7F4-4C96-4B13-87D3-1460C8A691CD}.Release|Any CPU.Build.0 = Release|Any CPU
	EndGlobalSection
	GlobalSection(SolutionProperties) = preSolution
		HideSolutionNode = FALSE
	EndGlobalSection
	GlobalSection(ExtensibilityGlobals) = postSolution
		SolutionGuid = {2B83FCB2-5EA8-4937-BEAA-1FE2F313BA46}
	EndGlobalSection
EndGlobal
